
Microsoft Visual Studio Solution File, Format Version 12.00
# Visual Studio Version 16
VisualStudioVersion = 16.0.30621.155
MinimumVisualStudioVersion = 10.0.40219.1
Project("{FAE04EC0-301F-11D3-BF4B-00C04F79EFBC}") = "LeavingCertificate", "LeavingCertificate\LeavingCertificate.csproj", "{71E3EBAA-7005-403C-A8AF-E14B21CCB76B}"
EndProject
Global
	GlobalSection(SolutionConfigurationPlatforms) = preSolution
		Debug|Any CPU = Debug|Any CPU
		Release|Any CPU = Release|Any CPU
	EndGlobalSection
	GlobalSection(ProjectConfigurationPlatforms) = postSolution
		{71E3EBAA-7005-403C-A8AF-E14B21CCB76B}.Debug|Any CPU.ActiveCfg = Debug|Any CPU
		{71E3EBAA-7005-403C-A8AF-E14B21CCB76B}.Debug|Any CPU.Build.0 = Debug|Any CPU
		{71E3EBAA-7005-403C-A8AF-E14B21CCB76B}.Release|Any CPU.ActiveCfg = Release|Any CPU
		{71E3EBAA-7005-403C-A8AF-E14B21CCB76B}.Release|Any CPU.Build.0 = Release|Any CPU
	EndGlobalSection
	GlobalSection(SolutionProperties) = preSolution
		HideSolutionNode = FALSE
	EndGlobalSection
	GlobalSection(ExtensibilityGlobals) = postSolution
		SolutionGuid = {0B6BABC9-2D45-4FF0-B0E5-60EF950F0BBB}
	EndGlobalSection
EndGlobal
